{
  "name": "10plus3-js13k",
  "version": "1.0.1",
  "lockfileVersion": 3,
  "requires": true,
  "packages": {
    "": {
      "name": "10plus3-js13k",
      "version": "1.0.1",
      "license": "MIT",
      "dependencies": {
        "littlejsengine": "^1.9.5"
      },
      "devDependencies": {
        "typescript": "^5.4.0"
      }
    },
    "node_modules/littlejsengine": {
      "version": "1.9.9",
      "resolved": "https://registry.npmjs.org/littlejsengine/-/littlejsengine-1.9.9.tgz",
      "integrity": "sha512-egpfBmAwOCu8GxwRIKFhgXcCldc9CCUvHskyjgTJTCAPpKE+33/iRejgV+wcXGfpWNYRP3tjTOLZ712gNb5GCA=="
    },
    "node_modules/typescript": {
      "version": "5.6.2",
      "resolved": "https://registry.npmjs.org/typescript/-/typescript-5.6.2.tgz",
      "integrity": "sha512-NW8ByodCSNCwZeghjN3o+JX5OFH0Ojg6sadjEKY4huZ52TqbJTJnDo5+Tw98lSy63NZvi4n+ez5m2u5d4PkZyw==",
      "dev": true,
      "bin": {
        "tsc": "bin/tsc",
        "tsserver": "bin/tsserver"
      },
      "engines": {
        "node": ">=14.17"
      }
    }
  }
}
